// !$*UTF8*$!
{
	archiveVersion = 1;
	classes = {
	};
	objectVersion = 77;
	objects = {

/* Begin PBXBuildFile section */
		0E82A19E6B587859B11657D6 /* RecentSearchStorage.swift in Sources */ = {isa = PBXBuildFile; fileRef = 86E5FFFC2B0F45B28C1DD393 /* RecentSearchStorage.swift */; };
		0EF52F635224662C1F2FEF9E /* RecentSearchCell.swift in Sources */ = {isa = PBXBuildFile; fileRef = 6C0CCAB942D9CD305D00B514 /* RecentSearchCell.swift */; };
		2ABBCE02A6C2D88422162D6F /* RepositoryCell.swift in Sources */ = {isa = PBXBuildFile; fileRef = 7AD90B8F9D9E60E01C0C9F3F /* RepositoryCell.swift */; };
		2BEE1A421A9C0BF62E7D20BF /* SearchRepository.swift in Sources */ = {isa = PBXBuildFile; fileRef = 90DE955F7EF2CCB3F2E39022 /* SearchRepository.swift */; };
		49593E0DED1D00B2D6D9C84E /* SearchResponseDTO.swift in Sources */ = {isa = PBXBuildFile; fileRef = DAC80A8D76D2DD47C367E50A /* SearchResponseDTO.swift */; };
		4B95572D8BA689EC37A638D7 /* RecentSearchRepository.swift in Sources */ = {isa = PBXBuildFile; fileRef = 6FE574C1799DFCEA5B779962 /* RecentSearchRepository.swift */; };
		4C453090735F815B670509F7 /* RecentSearchUseCase.swift in Sources */ = {isa = PBXBuildFile; fileRef = DC31C28329EC203D2C021F0D /* RecentSearchUseCase.swift */; };
		508FC65524E411C007F63B2A /* SearchResultViewModelTests.swift in Sources */ = {isa = PBXBuildFile; fileRef = 5A82855FDDC7E745B2DE00D3 /* SearchResultViewModelTests.swift */; };
		75687BB66D8BBDF73ABE132C /* SearchResponseDTOTests.swift in Sources */ = {isa = PBXBuildFile; fileRef = 2D17DCEF4B619D7713A45A05 /* SearchResponseDTOTests.swift */; };
		9FB118392F2F10F300BE6CDE /* AppDelegate.swift in Sources */ = {isa = PBXBuildFile; fileRef = 9FB1182F2F2F10F300BE6CDE /* AppDelegate.swift */; };
		9FB1183A2F2F10F300BE6CDE /* SceneDelegate.swift in Sources */ = {isa = PBXBuildFile; fileRef = 9FB118362F2F10F300BE6CDE /* SceneDelegate.swift */; };
		9FB1183C2F2F10F300BE6CDE /* Assets.xcassets in Resources */ = {isa = PBXBuildFile; fileRef = 9FB118302F2F10F300BE6CDE /* Assets.xcassets */; };
		9FB1183E2F2F10F300BE6CDE /* LaunchScreen.storyboard in Resources */ = {isa = PBXBuildFile; fileRef = 9FB118332F2F10F300BE6CDE /* LaunchScreen.storyboard */; };
		9FB1183F2F2F10F300BE6CDE /* Main.storyboard in Resources */ = {isa = PBXBuildFile; fileRef = 9FB118352F2F10F300BE6CDE /* Main.storyboard */; };
		9FB118522F2F200200BE6CDE /* SnapKit in Frameworks */ = {isa = PBXBuildFile; productRef = 9FB118512F2F200100BE6CDE /* SnapKit */; };
		9FB118672F2F210700BE6CDE /* Repository.swift in Sources */ = {isa = PBXBuildFile; fileRef = 9FB118642F2F210400BE6CDE /* Repository.swift */; };
		9FB118682F2F210800BE6CDE /* SearchResult.swift in Sources */ = {isa = PBXBuildFile; fileRef = 9FB118652F2F210500BE6CDE /* SearchResult.swift */; };
		9FB118692F2F210900BE6CDE /* RecentSearch.swift in Sources */ = {isa = PBXBuildFile; fileRef = 9FB118662F2F210600BE6CDE /* RecentSearch.swift */; };
		9FB118732F2F220300BE6CDE /* NetworkServiceProtocol.swift in Sources */ = {isa = PBXBuildFile; fileRef = 9FB118702F2F220000BE6CDE /* NetworkServiceProtocol.swift */; };
		9FB118742F2F220400BE6CDE /* SearchRepositoryProtocol.swift in Sources */ = {isa = PBXBuildFile; fileRef = 9FB118712F2F220100BE6CDE /* SearchRepositoryProtocol.swift */; };
		9FB118752F2F220500BE6CDE /* RecentSearchRepositoryProtocol.swift in Sources */ = {isa = PBXBuildFile; fileRef = 9FB118722F2F220200BE6CDE /* RecentSearchRepositoryProtocol.swift */; };
		9FB118832F2F230300BE6CDE /* Endpoint.swift in Sources */ = {isa = PBXBuildFile; fileRef = 9FB118802F2F230000BE6CDE /* Endpoint.swift */; };
		9FB118842F2F230400BE6CDE /* NetworkError.swift in Sources */ = {isa = PBXBuildFile; fileRef = 9FB118812F2F230100BE6CDE /* NetworkError.swift */; };
		9FB118852F2F230500BE6CDE /* NetworkService.swift in Sources */ = {isa = PBXBuildFile; fileRef = 9FB118822F2F230200BE6CDE /* NetworkService.swift */; };
		9FB118902F2F240000BE6CDE /* SearchViewController.swift in Sources */ = {isa = PBXBuildFile; fileRef = 9FB1188E2F2F240000BE6CDE /* SearchViewController.swift */; };
		9FB118912F2F240000BE6CDE /* SearchViewModel.swift in Sources */ = {isa = PBXBuildFile; fileRef = 9FB1188F2F2F240000BE6CDE /* SearchViewModel.swift */; };
		9FB118A02F2F250000BE6CDE /* SearchViewModelTests.swift in Sources */ = {isa = PBXBuildFile; fileRef = 9FB1189E2F2F250000BE6CDE /* SearchViewModelTests.swift */; };
		9FB118A12F2F250000BE6CDE /* SearchViewControllerTests.swift in Sources */ = {isa = PBXBuildFile; fileRef = 9FB1189F2F2F250000BE6CDE /* SearchViewControllerTests.swift */; };
		9FD624D62F2F6BE500FA751F /* RelativeDateFormatter.swift in Sources */ = {isa = PBXBuildFile; fileRef = 9FD624D32F2F6BE500FA751F /* RelativeDateFormatter.swift */; };
		AE2819E4682E923789F8A84C /* SearchResultViewController.swift in Sources */ = {isa = PBXBuildFile; fileRef = CD104F99A6EB41E9A92050F2 /* SearchResultViewController.swift */; };
		AF71976F8060AD6E51609228 /* ImageCache.swift in Sources */ = {isa = PBXBuildFile; fileRef = EEC601862A001FF0792AB454 /* ImageCache.swift */; };
		B44A6459CC9C3DA973BF7A4D /* SearchRepositoriesUseCase.swift in Sources */ = {isa = PBXBuildFile; fileRef = 6B24599C954C8B42E61CC8A7 /* SearchRepositoriesUseCase.swift */; };
		B8EEEEEA3ED15F01512FF8B3 /* RecentSearchStorageTests.swift in Sources */ = {isa = PBXBuildFile; fileRef = DD92F8FD780A6926EE30B57F /* RecentSearchStorageTests.swift */; };
		E8E3AFFDD9A97B67745B1CEF /* SearchResultViewModel.swift in Sources */ = {isa = PBXBuildFile; fileRef = 9F3410A99A98BE117696DF44 /* SearchResultViewModel.swift */; };
/* End PBXBuildFile section */

/* Begin PBXContainerItemProxy section */
		9FB118A42F2F250000BE6CDE /* PBXContainerItemProxy */ = {
			isa = PBXContainerItemProxy;
			containerPortal = 9FB1180F2F2F10ED00BE6CDE /* Project object */;
			proxyType = 1;
			remoteGlobalIDString = 9FB118162F2F10ED00BE6CDE;
			remoteInfo = GitHubSearch;
		};
/* End PBXContainerItemProxy section */

/* Begin PBXFileReference section */
		2D17DCEF4B619D7713A45A05 /* SearchResponseDTOTests.swift */ = {isa = PBXFileReference; includeInIndex = 1; lastKnownFileType = sourcecode.swift; path = SearchResponseDTOTests.swift; sourceTree = "<group>"; };
		5A82855FDDC7E745B2DE00D3 /* SearchResultViewModelTests.swift */ = {isa = PBXFileReference; includeInIndex = 1; lastKnownFileType = sourcecode.swift; path = SearchResultViewModelTests.swift; sourceTree = "<group>"; };
		6B24599C954C8B42E61CC8A7 /* SearchRepositoriesUseCase.swift */ = {isa = PBXFileReference; includeInIndex = 1; lastKnownFileType = sourcecode.swift; path = SearchRepositoriesUseCase.swift; sourceTree = "<group>"; };
		6C0CCAB942D9CD305D00B514 /* RecentSearchCell.swift */ = {isa = PBXFileReference; includeInIndex = 1; lastKnownFileType = sourcecode.swift; path = RecentSearchCell.swift; sourceTree = "<group>"; };
		6FE574C1799DFCEA5B779962 /* RecentSearchRepository.swift */ = {isa = PBXFileReference; includeInIndex = 1; lastKnownFileType = sourcecode.swift; path = RecentSearchRepository.swift; sourceTree = "<group>"; };
		7AD90B8F9D9E60E01C0C9F3F /* RepositoryCell.swift */ = {isa = PBXFileReference; includeInIndex = 1; lastKnownFileType = sourcecode.swift; path = RepositoryCell.swift; sourceTree = "<group>"; };
		86E5FFFC2B0F45B28C1DD393 /* RecentSearchStorage.swift */ = {isa = PBXFileReference; includeInIndex = 1; lastKnownFileType = sourcecode.swift; path = RecentSearchStorage.swift; sourceTree = "<group>"; };
		90DE955F7EF2CCB3F2E39022 /* SearchRepository.swift */ = {isa = PBXFileReference; includeInIndex = 1; lastKnownFileType = sourcecode.swift; path = SearchRepository.swift; sourceTree = "<group>"; };
		9F3410A99A98BE117696DF44 /* SearchResultViewModel.swift */ = {isa = PBXFileReference; includeInIndex = 1; lastKnownFileType = sourcecode.swift; path = SearchResultViewModel.swift; sourceTree = "<group>"; };
		9FB118172F2F10ED00BE6CDE /* GitHubSearch.app */ = {isa = PBXFileReference; explicitFileType = wrapper.application; includeInIndex = 0; path = GitHubSearch.app; sourceTree = BUILT_PRODUCTS_DIR; };
		9FB1182F2F2F10F300BE6CDE /* AppDelegate.swift */ = {isa = PBXFileReference; lastKnownFileType = sourcecode.swift; path = AppDelegate.swift; sourceTree = "<group>"; };
		9FB118302F2F10F300BE6CDE /* Assets.xcassets */ = {isa = PBXFileReference; lastKnownFileType = folder.assetcatalog; path = Assets.xcassets; sourceTree = "<group>"; };
		9FB118312F2F10F300BE6CDE /* Info.plist */ = {isa = PBXFileReference; lastKnownFileType = text.plist.xml; path = Info.plist; sourceTree = "<group>"; };
		9FB118322F2F10F300BE6CDE /* Base */ = {isa = PBXFileReference; lastKnownFileType = file.storyboard; name = Base; path = Base.lproj/LaunchScreen.storyboard; sourceTree = "<group>"; };
		9FB118342F2F10F300BE6CDE /* Base */ = {isa = PBXFileReference; lastKnownFileType = file.storyboard; name = Base; path = Base.lproj/Main.storyboard; sourceTree = "<group>"; };
		9FB118362F2F10F300BE6CDE /* SceneDelegate.swift */ = {isa = PBXFileReference; lastKnownFileType = sourcecode.swift; path = SceneDelegate.swift; sourceTree = "<group>"; };
		9FB118642F2F210400BE6CDE /* Repository.swift */ = {isa = PBXFileReference; lastKnownFileType = sourcecode.swift; path = Repository.swift; sourceTree = "<group>"; };
		9FB118652F2F210500BE6CDE /* SearchResult.swift */ = {isa = PBXFileReference; lastKnownFileType = sourcecode.swift; path = SearchResult.swift; sourceTree = "<group>"; };
		9FB118662F2F210600BE6CDE /* RecentSearch.swift */ = {isa = PBXFileReference; lastKnownFileType = sourcecode.swift; path = RecentSearch.swift; sourceTree = "<group>"; };
		9FB118702F2F220000BE6CDE /* NetworkServiceProtocol.swift */ = {isa = PBXFileReference; lastKnownFileType = sourcecode.swift; path = NetworkServiceProtocol.swift; sourceTree = "<group>"; };
		9FB118712F2F220100BE6CDE /* SearchRepositoryProtocol.swift */ = {isa = PBXFileReference; lastKnownFileType = sourcecode.swift; path = SearchRepositoryProtocol.swift; sourceTree = "<group>"; };
		9FB118722F2F220200BE6CDE /* RecentSearchRepositoryProtocol.swift */ = {isa = PBXFileReference; lastKnownFileType = sourcecode.swift; path = RecentSearchRepositoryProtocol.swift; sourceTree = "<group>"; };
		9FB118802F2F230000BE6CDE /* Endpoint.swift */ = {isa = PBXFileReference; lastKnownFileType = sourcecode.swift; path = Endpoint.swift; sourceTree = "<group>"; };
		9FB118812F2F230100BE6CDE /* NetworkError.swift */ = {isa = PBXFileReference; lastKnownFileType = sourcecode.swift; path = NetworkError.swift; sourceTree = "<group>"; };
		9FB118822F2F230200BE6CDE /* NetworkService.swift */ = {isa = PBXFileReference; lastKnownFileType = sourcecode.swift; path = NetworkService.swift; sourceTree = "<group>"; };
		9FB1188E2F2F240000BE6CDE /* SearchViewController.swift */ = {isa = PBXFileReference; lastKnownFileType = sourcecode.swift; path = SearchViewController.swift; sourceTree = "<group>"; };
		9FB1188F2F2F240000BE6CDE /* SearchViewModel.swift */ = {isa = PBXFileReference; lastKnownFileType = sourcecode.swift; path = SearchViewModel.swift; sourceTree = "<group>"; };
		9FB1189C2F2F250000BE6CDE /* GitHubSearchTests.xctest */ = {isa = PBXFileReference; explicitFileType = wrapper.cfbundle; includeInIndex = 0; path = GitHubSearchTests.xctest; sourceTree = BUILT_PRODUCTS_DIR; };
		9FB1189E2F2F250000BE6CDE /* SearchViewModelTests.swift */ = {isa = PBXFileReference; lastKnownFileType = sourcecode.swift; path = SearchViewModelTests.swift; sourceTree = "<group>"; };
		9FB1189F2F2F250000BE6CDE /* SearchViewControllerTests.swift */ = {isa = PBXFileReference; lastKnownFileType = sourcecode.swift; path = SearchViewControllerTests.swift; sourceTree = "<group>"; };
		9FD624D32F2F6BE500FA751F /* RelativeDateFormatter.swift */ = {isa = PBXFileReference; lastKnownFileType = sourcecode.swift; path = RelativeDateFormatter.swift; sourceTree = "<group>"; };
		CD104F99A6EB41E9A92050F2 /* SearchResultViewController.swift */ = {isa = PBXFileReference; includeInIndex = 1; lastKnownFileType = sourcecode.swift; path = SearchResultViewController.swift; sourceTree = "<group>"; };
		DAC80A8D76D2DD47C367E50A /* SearchResponseDTO.swift */ = {isa = PBXFileReference; includeInIndex = 1; lastKnownFileType = sourcecode.swift; path = SearchResponseDTO.swift; sourceTree = "<group>"; };
		DC31C28329EC203D2C021F0D /* RecentSearchUseCase.swift */ = {isa = PBXFileReference; includeInIndex = 1; lastKnownFileType = sourcecode.swift; path = RecentSearchUseCase.swift; sourceTree = "<group>"; };
		DD92F8FD780A6926EE30B57F /* RecentSearchStorageTests.swift */ = {isa = PBXFileReference; includeInIndex = 1; lastKnownFileType = sourcecode.swift; path = RecentSearchStorageTests.swift; sourceTree = "<group>"; };
		EEC601862A001FF0792AB454 /* ImageCache.swift */ = {isa = PBXFileReference; includeInIndex = 1; lastKnownFileType = sourcecode.swift; path = ImageCache.swift; sourceTree = "<group>"; };
/* End PBXFileReference section */

/* Begin PBXFrameworksBuildPhase section */
		9FB118142F2F10ED00BE6CDE /* Frameworks */ = {
			isa = PBXFrameworksBuildPhase;
			buildActionMask = 2147483647;
			files = (
				9FB118522F2F200200BE6CDE /* SnapKit in Frameworks */,
			);
			runOnlyForDeploymentPostprocessing = 0;
		};
		9FB118992F2F250000BE6CDE /* Frameworks */ = {
			isa = PBXFrameworksBuildPhase;
			buildActionMask = 2147483647;
			files = (
			);
			runOnlyForDeploymentPostprocessing = 0;
		};
/* End PBXFrameworksBuildPhase section */

/* Begin PBXGroup section */
		197CDED59702B6A569683D9E /* Network */ = {
			isa = PBXGroup;
			children = (
				399F17327EA2E3170E6CB502 /* DTOs */,
			);
			name = Network;
			path = Network;
			sourceTree = "<group>";
		};
		22152714B5027B96B835F969 /* SearchResult */ = {
			isa = PBXGroup;
			children = (
				9F3410A99A98BE117696DF44 /* SearchResultViewModel.swift */,
				7AD90B8F9D9E60E01C0C9F3F /* RepositoryCell.swift */,
				CD104F99A6EB41E9A92050F2 /* SearchResultViewController.swift */,
			);
			name = SearchResult;
			path = SearchResult;
			sourceTree = "<group>";
		};
		2A1128BB5FD77CAE58F4144C /* Data */ = {
			isa = PBXGroup;
			children = (
				197CDED59702B6A569683D9E /* Network */,
				90593FD974CF47D6C377D464 /* Repositories */,
			);
			name = Data;
			path = Data;
			sourceTree = "<group>";
		};
		399F17327EA2E3170E6CB502 /* DTOs */ = {
			isa = PBXGroup;
			children = (
				DAC80A8D76D2DD47C367E50A /* SearchResponseDTO.swift */,
			);
			name = DTOs;
			path = DTOs;
			sourceTree = "<group>";
		};
		90593FD974CF47D6C377D464 /* Repositories */ = {
			isa = PBXGroup;
			children = (
				90DE955F7EF2CCB3F2E39022 /* SearchRepository.swift */,
			);
			name = Repositories;
			path = Repositories;
			sourceTree = "<group>";
		};
		9FB1180E2F2F10ED00BE6CDE = {
			isa = PBXGroup;
			children = (
				9FB118382F2F10F300BE6CDE /* GitHubSearch */,
				9FB1189D2F2F250000BE6CDE /* GitHubSearchTests */,
				9FB118182F2F10ED00BE6CDE /* Products */,
			);
			sourceTree = "<group>";
		};
		9FB118182F2F10ED00BE6CDE /* Products */ = {
			isa = PBXGroup;
			children = (
				9FB118172F2F10ED00BE6CDE /* GitHubSearch.app */,
				9FB1189C2F2F250000BE6CDE /* GitHubSearchTests.xctest */,
			);
			name = Products;
			sourceTree = "<group>";
		};
		9FB118382F2F10F300BE6CDE /* GitHubSearch */ = {
			isa = PBXGroup;
			children = (
				9FB118402F2F116B00BE6CDE /* Application */,
				9FB118602F2F210000BE6CDE /* Domain */,
				9FB1186A2F2F210A00BE6CDE /* Data */,
				9FB118422F2F11C200BE6CDE /* Presentation */,
				9FB118412F2F117700BE6CDE /* Resources */,
				2A1128BB5FD77CAE58F4144C /* Data */,
				BB2874678AD680A9B075446D /* Domain */,
				D4C48E0AFA2D53A3B6B7FD5C /* Presentation */,
			);
			path = GitHubSearch;
			sourceTree = "<group>";
		};
		9FB118402F2F116B00BE6CDE /* Application */ = {
			isa = PBXGroup;
			children = (
				9FB1182F2F2F10F300BE6CDE /* AppDelegate.swift */,
				9FB118362F2F10F300BE6CDE /* SceneDelegate.swift */,
			);
			path = Application;
			sourceTree = "<group>";
		};
		9FB118412F2F117700BE6CDE /* Resources */ = {
			isa = PBXGroup;
			children = (
				9FB118302F2F10F300BE6CDE /* Assets.xcassets */,
				9FB118312F2F10F300BE6CDE /* Info.plist */,
				9FB118332F2F10F300BE6CDE /* LaunchScreen.storyboard */,
				9FB118352F2F10F300BE6CDE /* Main.storyboard */,
			);
			path = Resources;
			sourceTree = "<group>";
		};
		9FB118422F2F11C200BE6CDE /* Presentation */ = {
			isa = PBXGroup;
			children = (
				9FB1188D2F2F240000BE6CDE /* Search */,
				9FD624D42F2F6BE500FA751F /* Common */,
			);
			path = Presentation;
			sourceTree = "<group>";
		};
		9FB118602F2F210000BE6CDE /* Domain */ = {
			isa = PBXGroup;
			children = (
				9FB118612F2F210100BE6CDE /* Entities */,
				9FB118622F2F210200BE6CDE /* Protocols */,
				9FB118632F2F210300BE6CDE /* UseCases */,
			);
			path = Domain;
			sourceTree = "<group>";
		};
		9FB118612F2F210100BE6CDE /* Entities */ = {
			isa = PBXGroup;
			children = (
				9FB118642F2F210400BE6CDE /* Repository.swift */,
				9FB118652F2F210500BE6CDE /* SearchResult.swift */,
				9FB118662F2F210600BE6CDE /* RecentSearch.swift */,
			);
			path = Entities;
			sourceTree = "<group>";
		};
		9FB118622F2F210200BE6CDE /* Protocols */ = {
			isa = PBXGroup;
			children = (
				9FB118702F2F220000BE6CDE /* NetworkServiceProtocol.swift */,
				9FB118712F2F220100BE6CDE /* SearchRepositoryProtocol.swift */,
				9FB118722F2F220200BE6CDE /* RecentSearchRepositoryProtocol.swift */,
			);
			path = Protocols;
			sourceTree = "<group>";
		};
		9FB118632F2F210300BE6CDE /* UseCases */ = {
			isa = PBXGroup;
			children = (
				DC31C28329EC203D2C021F0D /* RecentSearchUseCase.swift */,
			);
			path = UseCases;
			sourceTree = "<group>";
		};
		9FB1186A2F2F210A00BE6CDE /* Data */ = {
			isa = PBXGroup;
			children = (
				9FB1186B2F2F210B00BE6CDE /* Network */,
				9FB1186C2F2F210C00BE6CDE /* Repositories */,
				9FB1186D2F2F210D00BE6CDE /* Storage */,
			);
			path = Data;
			sourceTree = "<group>";
		};
		9FB1186B2F2F210B00BE6CDE /* Network */ = {
			isa = PBXGroup;
			children = (
				9FB118802F2F230000BE6CDE /* Endpoint.swift */,
				9FB118812F2F230100BE6CDE /* NetworkError.swift */,
				9FB118822F2F230200BE6CDE /* NetworkService.swift */,
			);
			path = Network;
			sourceTree = "<group>";
		};
		9FB1186C2F2F210C00BE6CDE /* Repositories */ = {
			isa = PBXGroup;
			children = (
				6FE574C1799DFCEA5B779962 /* RecentSearchRepository.swift */,
			);
			path = Repositories;
			sourceTree = "<group>";
		};
		9FB1186D2F2F210D00BE6CDE /* Storage */ = {
			isa = PBXGroup;
			children = (
				86E5FFFC2B0F45B28C1DD393 /* RecentSearchStorage.swift */,
			);
			path = Storage;
			sourceTree = "<group>";
		};
		9FB1188D2F2F240000BE6CDE /* Search */ = {
			isa = PBXGroup;
			children = (
				9FB1188E2F2F240000BE6CDE /* SearchViewController.swift */,
				9FB1188F2F2F240000BE6CDE /* SearchViewModel.swift */,
				6C0CCAB942D9CD305D00B514 /* RecentSearchCell.swift */,
			);
			path = Search;
			sourceTree = "<group>";
		};
		9FB1189D2F2F250000BE6CDE /* GitHubSearchTests */ = {
			isa = PBXGroup;
			children = (
				9FB1189E2F2F250000BE6CDE /* SearchViewModelTests.swift */,
				9FB1189F2F2F250000BE6CDE /* SearchViewControllerTests.swift */,
				DD92F8FD780A6926EE30B57F /* RecentSearchStorageTests.swift */,
				5A82855FDDC7E745B2DE00D3 /* SearchResultViewModelTests.swift */,
				2D17DCEF4B619D7713A45A05 /* SearchResponseDTOTests.swift */,
			);
			path = GitHubSearchTests;
			sourceTree = "<group>";
		};
		9FD624D42F2F6BE500FA751F /* Common */ = {
			isa = PBXGroup;
			children = (
				9FD624D32F2F6BE500FA751F /* RelativeDateFormatter.swift */,
			);
			path = Common;
			sourceTree = "<group>";
		};
		BB2874678AD680A9B075446D /* Domain */ = {
			isa = PBXGroup;
			children = (
				F73DC03E6D4FFB3D340CD25B /* UseCases */,
			);
			name = Domain;
			path = Domain;
			sourceTree = "<group>";
		};
		D4C48E0AFA2D53A3B6B7FD5C /* Presentation */ = {
			isa = PBXGroup;
			children = (
				DC8734348EC3A48D3A298AF5 /* Common */,
				22152714B5027B96B835F969 /* SearchResult */,
			);
			name = Presentation;
			path = Presentation;
			sourceTree = "<group>";
		};
		DC8734348EC3A48D3A298AF5 /* Common */ = {
			isa = PBXGroup;
			children = (
				EEC601862A001FF0792AB454 /* ImageCache.swift */,
			);
			name = Common;
			path = Common;
			sourceTree = "<group>";
		};
		F73DC03E6D4FFB3D340CD25B /* UseCases */ = {
			isa = PBXGroup;
			children = (
				6B24599C954C8B42E61CC8A7 /* SearchRepositoriesUseCase.swift */,
			);
			name = UseCases;
			path = UseCases;
			sourceTree = "<group>";
		};
/* End PBXGroup section */

/* Begin PBXNativeTarget section */
		9FB118162F2F10ED00BE6CDE /* GitHubSearch */ = {
			isa = PBXNativeTarget;
			buildConfigurationList = 9FB1182A2F2F10EE00BE6CDE /* Build configuration list for PBXNativeTarget "GitHubSearch" */;
			buildPhases = (
				9FB118132F2F10ED00BE6CDE /* Sources */,
				9FB118142F2F10ED00BE6CDE /* Frameworks */,
				9FB118152F2F10ED00BE6CDE /* Resources */,
			);
			buildRules = (
			);
			dependencies = (
			);
			name = GitHubSearch;
			packageProductDependencies = (
				9FB118512F2F200100BE6CDE /* SnapKit */,
			);
			productName = GitHubSearch;
			productReference = 9FB118172F2F10ED00BE6CDE /* GitHubSearch.app */;
			productType = "com.apple.product-type.application";
		};
		9FB1189B2F2F250000BE6CDE /* GitHubSearchTests */ = {
			isa = PBXNativeTarget;
			buildConfigurationList = 9FB118A72F2F250000BE6CDE /* Build configuration list for PBXNativeTarget "GitHubSearchTests" */;
			buildPhases = (
				9FB118982F2F250000BE6CDE /* Sources */,
				9FB118992F2F250000BE6CDE /* Frameworks */,
				9FB1189A2F2F250000BE6CDE /* Resources */,
			);
			buildRules = (
			);
			dependencies = (
				9FB118A52F2F250000BE6CDE /* PBXTargetDependency */,
			);
			name = GitHubSearchTests;
			productName = GitHubSearchTests;
			productReference = 9FB1189C2F2F250000BE6CDE /* GitHubSearchTests.xctest */;
			productType = "com.apple.product-type.bundle.unit-test";
		};
/* End PBXNativeTarget section */

/* Begin PBXProject section */
		9FB1180F2F2F10ED00BE6CDE /* Project object */ = {
			isa = PBXProject;
			attributes = {
				BuildIndependentTargetsInParallel = 1;
				LastSwiftUpdateCheck = 1630;
				LastUpgradeCheck = 1630;
				TargetAttributes = {
					9FB118162F2F10ED00BE6CDE = {
						CreatedOnToolsVersion = 16.3;
					};
					9FB1189B2F2F250000BE6CDE = {
						CreatedOnToolsVersion = 16.3;
						TestTargetID = 9FB118162F2F10ED00BE6CDE;
					};
				};
			};
			buildConfigurationList = 9FB118122F2F10ED00BE6CDE /* Build configuration list for PBXProject "GitHubSearch" */;
			developmentRegion = en;
			hasScannedForEncodings = 0;
			knownRegions = (
				en,
				Base,
			);
			mainGroup = 9FB1180E2F2F10ED00BE6CDE;
			minimizedProjectReferenceProxies = 1;
			packageReferences = (
				9FB118502F2F200000BE6CDE /* XCRemoteSwiftPackageReference "SnapKit" */,
			);
			preferredProjectObjectVersion = 77;
			productRefGroup = 9FB118182F2F10ED00BE6CDE /* Products */;
			projectDirPath = "";
			projectRoot = "";
			targets = (
				9FB118162F2F10ED00BE6CDE /* GitHubSearch */,
				9FB1189B2F2F250000BE6CDE /* GitHubSearchTests */,
			);
		};
/* End PBXProject section */

/* Begin PBXResourcesBuildPhase section */
		9FB118152F2F10ED00BE6CDE /* Resources */ = {
			isa = PBXResourcesBuildPhase;
			buildActionMask = 2147483647;
			files = (
				9FB1183C2F2F10F300BE6CDE /* Assets.xcassets in Resources */,
				9FB1183E2F2F10F300BE6CDE /* LaunchScreen.storyboard in Resources */,
				9FB1183F2F2F10F300BE6CDE /* Main.storyboard in Resources */,
			);
			runOnlyForDeploymentPostprocessing = 0;
		};
		9FB1189A2F2F250000BE6CDE /* Resources */ = {
			isa = PBXResourcesBuildPhase;
			buildActionMask = 2147483647;
			files = (
			);
			runOnlyForDeploymentPostprocessing = 0;
		};
/* End PBXResourcesBuildPhase section */

/* Begin PBXSourcesBuildPhase section */
		9FB118132F2F10ED00BE6CDE /* Sources */ = {
			isa = PBXSourcesBuildPhase;
			buildActionMask = 2147483647;
			files = (
				9FB118392F2F10F300BE6CDE /* AppDelegate.swift in Sources */,
				9FB1183A2F2F10F300BE6CDE /* SceneDelegate.swift in Sources */,
				9FB118902F2F240000BE6CDE /* SearchViewController.swift in Sources */,
				9FB118912F2F240000BE6CDE /* SearchViewModel.swift in Sources */,
				9FB118672F2F210700BE6CDE /* Repository.swift in Sources */,
				9FB118682F2F210800BE6CDE /* SearchResult.swift in Sources */,
				9FB118692F2F210900BE6CDE /* RecentSearch.swift in Sources */,
				9FB118732F2F220300BE6CDE /* NetworkServiceProtocol.swift in Sources */,
				9FB118742F2F220400BE6CDE /* SearchRepositoryProtocol.swift in Sources */,
				9FD624D62F2F6BE500FA751F /* RelativeDateFormatter.swift in Sources */,
				9FB118752F2F220500BE6CDE /* RecentSearchRepositoryProtocol.swift in Sources */,
				9FB118832F2F230300BE6CDE /* Endpoint.swift in Sources */,
				9FB118842F2F230400BE6CDE /* NetworkError.swift in Sources */,
				9FB118852F2F230500BE6CDE /* NetworkService.swift in Sources */,
				0E82A19E6B587859B11657D6 /* RecentSearchStorage.swift in Sources */,
				4B95572D8BA689EC37A638D7 /* RecentSearchRepository.swift in Sources */,
				4C453090735F815B670509F7 /* RecentSearchUseCase.swift in Sources */,
				0EF52F635224662C1F2FEF9E /* RecentSearchCell.swift in Sources */,
				49593E0DED1D00B2D6D9C84E /* SearchResponseDTO.swift in Sources */,
				2BEE1A421A9C0BF62E7D20BF /* SearchRepository.swift in Sources */,
				B44A6459CC9C3DA973BF7A4D /* SearchRepositoriesUseCase.swift in Sources */,
				AF71976F8060AD6E51609228 /* ImageCache.swift in Sources */,
				E8E3AFFDD9A97B67745B1CEF /* SearchResultViewModel.swift in Sources */,
				2ABBCE02A6C2D88422162D6F /* RepositoryCell.swift in Sources */,
				AE2819E4682E923789F8A84C /* SearchResultViewController.swift in Sources */,
			);
			runOnlyForDeploymentPostprocessing = 0;
		};
		9FB118982F2F250000BE6CDE /* Sources */ = {
			isa = PBXSourcesBuildPhase;
			buildActionMask = 2147483647;
			files = (
				9FB118A02F2F250000BE6CDE /* SearchViewModelTests.swift in Sources */,
				9FB118A12F2F250000BE6CDE /* SearchViewControllerTests.swift in Sources */,
				B8EEEEEA3ED15F01512FF8B3 /* RecentSearchStorageTests.swift in Sources */,
				508FC65524E411C007F63B2A /* SearchResultViewModelTests.swift in Sources */,
				75687BB66D8BBDF73ABE132C /* SearchResponseDTOTests.swift in Sources */,
			);
			runOnlyForDeploymentPostprocessing = 0;
		};
/* End PBXSourcesBuildPhase section */

/* Begin PBXTargetDependency section */
		9FB118A52F2F250000BE6CDE /* PBXTargetDependency */ = {
			isa = PBXTargetDependency;
			target = 9FB118162F2F10ED00BE6CDE /* GitHubSearch */;
			targetProxy = 9FB118A42F2F250000BE6CDE /* PBXContainerItemProxy */;
		};
/* End PBXTargetDependency section */

/* Begin PBXVariantGroup section */
		9FB118332F2F10F300BE6CDE /* LaunchScreen.storyboard */ = {
			isa = PBXVariantGroup;
			children = (
				9FB118322F2F10F300BE6CDE /* Base */,
			);
			name = LaunchScreen.storyboard;
			sourceTree = "<group>";
		};
		9FB118352F2F10F300BE6CDE /* Main.storyboard */ = {
			isa = PBXVariantGroup;
			children = (
				9FB118342F2F10F300BE6CDE /* Base */,
			);
			name = Main.storyboard;
			sourceTree = "<group>";
		};
/* End PBXVariantGroup section */

/* Begin XCBuildConfiguration section */
		9FB1182B2F2F10EE00BE6CDE /* Debug */ = {
			isa = XCBuildConfiguration;
			buildSettings = {
				ASSETCATALOG_COMPILER_APPICON_NAME = AppIcon;
				ASSETCATALOG_COMPILER_GLOBAL_ACCENT_COLOR_NAME = AccentColor;
				CODE_SIGN_STYLE = Automatic;
				CURRENT_PROJECT_VERSION = 1;
				GENERATE_INFOPLIST_FILE = YES;
				INFOPLIST_FILE = GitHubSearch/Resources/Info.plist;
				INFOPLIST_KEY_UIApplicationSupportsIndirectInputEvents = YES;
				INFOPLIST_KEY_UILaunchStoryboardName = LaunchScreen;
				INFOPLIST_KEY_UISupportedInterfaceOrientations_iPad = "UIInterfaceOrientationPortrait UIInterfaceOrientationPortraitUpsideDown UIInterfaceOrientationLandscapeLeft UIInterfaceOrientationLandscapeRight";
				INFOPLIST_KEY_UISupportedInterfaceOrientations_iPhone = "UIInterfaceOrientationPortrait UIInterfaceOrientationLandscapeLeft UIInterfaceOrientationLandscapeRight";
				IPHONEOS_DEPLOYMENT_TARGET = 15.6;
				LD_RUNPATH_SEARCH_PATHS = (
					"$(inherited)",
					"@executable_path/Frameworks",
				);
				MARKETING_VERSION = 1.0;
				PRODUCT_BUNDLE_IDENTIFIER = com.allen.GitHubSearch;
				PRODUCT_NAME = "$(TARGET_NAME)";
				SWIFT_EMIT_LOC_STRINGS = YES;
				SWIFT_VERSION = 5.0;
				TARGETED_DEVICE_FAMILY = "1,2";
			};
			name = Debug;
		};
		9FB1182C2F2F10EE00BE6CDE /* Release */ = {
			isa = XCBuildConfiguration;
			buildSettings = {
				ASSETCATALOG_COMPILER_APPICON_NAME = AppIcon;
				ASSETCATALOG_COMPILER_GLOBAL_ACCENT_COLOR_NAME = AccentColor;
				CODE_SIGN_STYLE = Automatic;
				CURRENT_PROJECT_VERSION = 1;
				GENERATE_INFOPLIST_FILE = YES;
				INFOPLIST_FILE = GitHubSearch/Resources/Info.plist;
				INFOPLIST_KEY_UIApplicationSupportsIndirectInputEvents = YES;
				INFOPLIST_KEY_UILaunchStoryboardName = LaunchScreen;
				INFOPLIST_KEY_UISupportedInterfaceOrientations_iPad = "UIInterfaceOrientationPortrait UIInterfaceOrientationPortraitUpsideDown UIInterfaceOrientationLandscapeLeft UIInterfaceOrientationLandscapeRight";
				INFOPLIST_KEY_UISupportedInterfaceOrientations_iPhone = "UIInterfaceOrientationPortrait UIInterfaceOrientationLandscapeLeft UIInterfaceOrientationLandscapeRight";
				IPHONEOS_DEPLOYMENT_TARGET = 15.6;
				LD_RUNPATH_SEARCH_PATHS = (
					"$(inherited)",
					"@executable_path/Frameworks",
				);
				MARKETING_VERSION = 1.0;
				PRODUCT_BUNDLE_IDENTIFIER = com.allen.GitHubSearch;
				PRODUCT_NAME = "$(TARGET_NAME)";
				SWIFT_EMIT_LOC_STRINGS = YES;
				SWIFT_VERSION = 5.0;
				TARGETED_DEVICE_FAMILY = "1,2";
			};
			name = Release;
		};
		9FB1182D2F2F10EE00BE6CDE /* Debug */ = {
			isa = XCBuildConfiguration;
			buildSettings = {
				ALWAYS_SEARCH_USER_PATHS = NO;
				ASSETCATALOG_COMPILER_GENERATE_SWIFT_ASSET_SYMBOL_EXTENSIONS = YES;
				CLANG_ANALYZER_NONNULL = YES;
				CLANG_ANALYZER_NUMBER_OBJECT_CONVERSION = YES_AGGRESSIVE;
				CLANG_CXX_LANGUAGE_STANDARD = "gnu++20";
				CLANG_ENABLE_MODULES = YES;
				CLANG_ENABLE_OBJC_ARC = YES;
				CLANG_ENABLE_OBJC_WEAK = YES;
				CLANG_WARN_BLOCK_CAPTURE_AUTORELEASING = YES;
				CLANG_WARN_BOOL_CONVERSION = YES;
				CLANG_WARN_COMMA = YES;
				CLANG_WARN_CONSTANT_CONVERSION = YES;
				CLANG_WARN_DEPRECATED_OBJC_IMPLEMENTATIONS = YES;
				CLANG_WARN_DIRECT_OBJC_ISA_USAGE = YES_ERROR;
				CLANG_WARN_DOCUMENTATION_COMMENTS = YES;
				CLANG_WARN_EMPTY_BODY = YES;
				CLANG_WARN_ENUM_CONVERSION = YES;
				CLANG_WARN_INFINITE_RECURSION = YES;
				CLANG_WARN_INT_CONVERSION = YES;
				CLANG_WARN_NON_LITERAL_NULL_CONVERSION = YES;
				CLANG_WARN_OBJC_IMPLICIT_RETAIN_SELF = YES;
				CLANG_WARN_OBJC_LITERAL_CONVERSION = YES;
				CLANG_WARN_OBJC_ROOT_CLASS = YES_ERROR;
				CLANG_WARN_QUOTED_INCLUDE_IN_FRAMEWORK_HEADER = YES;
				CLANG_WARN_RANGE_LOOP_ANALYSIS = YES;
				CLANG_WARN_STRICT_PROTOTYPES = YES;
				CLANG_WARN_SUSPICIOUS_MOVE = YES;
				CLANG_WARN_UNGUARDED_AVAILABILITY = YES_AGGRESSIVE;
				CLANG_WARN_UNREACHABLE_CODE = YES;
				CLANG_WARN__DUPLICATE_METHOD_MATCH = YES;
				COPY_PHASE_STRIP = NO;
				DEBUG_INFORMATION_FORMAT = dwarf;
				ENABLE_STRICT_OBJC_MSGSEND = YES;
				ENABLE_TESTABILITY = YES;
				ENABLE_USER_SCRIPT_SANDBOXING = YES;
				GCC_C_LANGUAGE_STANDARD = gnu17;
				GCC_DYNAMIC_NO_PIC = NO;
				GCC_NO_COMMON_BLOCKS = YES;
				GCC_OPTIMIZATION_LEVEL = 0;
				GCC_PREPROCESSOR_DEFINITIONS = (
					"DEBUG=1",
					"$(inherited)",
				);
				GCC_WARN_64_TO_32_BIT_CONVERSION = YES;
				GCC_WARN_ABOUT_RETURN_TYPE = YES_ERROR;
				GCC_WARN_UNDECLARED_SELECTOR = YES;
				GCC_WARN_UNINITIALIZED_AUTOS = YES_AGGRESSIVE;
				GCC_WARN_UNUSED_FUNCTION = YES;
				GCC_WARN_UNUSED_VARIABLE = YES;
				IPHONEOS_DEPLOYMENT_TARGET = 18.4;
				LOCALIZATION_PREFERS_STRING_CATALOGS = YES;
				MTL_ENABLE_DEBUG_INFO = INCLUDE_SOURCE;
				MTL_FAST_MATH = YES;
				ONLY_ACTIVE_ARCH = YES;
				SDKROOT = iphoneos;
				SWIFT_ACTIVE_COMPILATION_CONDITIONS = "DEBUG $(inherited)";
				SWIFT_OPTIMIZATION_LEVEL = "-Onone";
			};
			name = Debug;
		};
		9FB1182E2F2F10EE00BE6CDE /* Release */ = {
			isa = XCBuildConfiguration;
			buildSettings = {
				ALWAYS_SEARCH_USER_PATHS = NO;
				ASSETCATALOG_COMPILER_GENERATE_SWIFT_ASSET_SYMBOL_EXTENSIONS = YES;
				CLANG_ANALYZER_NONNULL = YES;
				CLANG_ANALYZER_NUMBER_OBJECT_CONVERSION = YES_AGGRESSIVE;
				CLANG_CXX_LANGUAGE_STANDARD = "gnu++20";
				CLANG_ENABLE_MODULES = YES;
				CLANG_ENABLE_OBJC_ARC = YES;
				CLANG_ENABLE_OBJC_WEAK = YES;
				CLANG_WARN_BLOCK_CAPTURE_AUTORELEASING = YES;
				CLANG_WARN_BOOL_CONVERSION = YES;
				CLANG_WARN_COMMA = YES;
				CLANG_WARN_CONSTANT_CONVERSION = YES;
				CLANG_WARN_DEPRECATED_OBJC_IMPLEMENTATIONS = YES;
				CLANG_WARN_DIRECT_OBJC_ISA_USAGE = YES_ERROR;
				CLANG_WARN_DOCUMENTATION_COMMENTS = YES;
				CLANG_WARN_EMPTY_BODY = YES;
				CLANG_WARN_ENUM_CONVERSION = YES;
				CLANG_WARN_INFINITE_RECURSION = YES;
				CLANG_WARN_INT_CONVERSION = YES;
				CLANG_WARN_NON_LITERAL_NULL_CONVERSION = YES;
				CLANG_WARN_OBJC_IMPLICIT_RETAIN_SELF = YES;
				CLANG_WARN_OBJC_LITERAL_CONVERSION = YES;
				CLANG_WARN_OBJC_ROOT_CLASS = YES_ERROR;
				CLANG_WARN_QUOTED_INCLUDE_IN_FRAMEWORK_HEADER = YES;
				CLANG_WARN_RANGE_LOOP_ANALYSIS = YES;
				CLANG_WARN_STRICT_PROTOTYPES = YES;
				CLANG_WARN_SUSPICIOUS_MOVE = YES;
				CLANG_WARN_UNGUARDED_AVAILABILITY = YES_AGGRESSIVE;
				CLANG_WARN_UNREACHABLE_CODE = YES;
				CLANG_WARN__DUPLICATE_METHOD_MATCH = YES;
				COPY_PHASE_STRIP = NO;
				DEBUG_INFORMATION_FORMAT = "dwarf-with-dsym";
				ENABLE_NS_ASSERTIONS = NO;
				ENABLE_STRICT_OBJC_MSGSEND = YES;
				ENABLE_USER_SCRIPT_SANDBOXING = YES;
				GCC_C_LANGUAGE_STANDARD = gnu17;
				GCC_NO_COMMON_BLOCKS = YES;
				GCC_WARN_64_TO_32_BIT_CONVERSION = YES;
				GCC_WARN_ABOUT_RETURN_TYPE = YES_ERROR;
				GCC_WARN_UNDECLARED_SELECTOR = YES;
				GCC_WARN_UNINITIALIZED_AUTOS = YES_AGGRESSIVE;
				GCC_WARN_UNUSED_FUNCTION = YES;
				GCC_WARN_UNUSED_VARIABLE = YES;
				IPHONEOS_DEPLOYMENT_TARGET = 18.4;
				LOCALIZATION_PREFERS_STRING_CATALOGS = YES;
				MTL_ENABLE_DEBUG_INFO = NO;
				MTL_FAST_MATH = YES;
				SDKROOT = iphoneos;
				SWIFT_COMPILATION_MODE = wholemodule;
				VALIDATE_PRODUCT = YES;
			};
			name = Release;
		};
		9FB118A82F2F250000BE6CDE /* Debug */ = {
			isa = XCBuildConfiguration;
			buildSettings = {
				BUNDLE_LOADER = "$(TEST_HOST)";
				CODE_SIGN_STYLE = Automatic;
				CURRENT_PROJECT_VERSION = 1;
				GENERATE_INFOPLIST_FILE = YES;
				IPHONEOS_DEPLOYMENT_TARGET = 15.6;
				MARKETING_VERSION = 1.0;
				PRODUCT_BUNDLE_IDENTIFIER = com.allen.GitHubSearchTests;
				PRODUCT_NAME = "$(TARGET_NAME)";
				SWIFT_EMIT_LOC_STRINGS = NO;
				SWIFT_VERSION = 5.0;
				TARGETED_DEVICE_FAMILY = "1,2";
				TEST_HOST = "$(BUILT_PRODUCTS_DIR)/GitHubSearch.app/$(BUNDLE_EXECUTABLE_FOLDER_PATH)/GitHubSearch";
			};
			name = Debug;
		};
		9FB118A92F2F250000BE6CDE /* Release */ = {
			isa = XCBuildConfiguration;
			buildSettings = {
				BUNDLE_LOADER = "$(TEST_HOST)";
				CODE_SIGN_STYLE = Automatic;
				CURRENT_PROJECT_VERSION = 1;
				GENERATE_INFOPLIST_FILE = YES;
				IPHONEOS_DEPLOYMENT_TARGET = 15.6;
				MARKETING_VERSION = 1.0;
				PRODUCT_BUNDLE_IDENTIFIER = com.allen.GitHubSearchTests;
				PRODUCT_NAME = "$(TARGET_NAME)";
				SWIFT_EMIT_LOC_STRINGS = NO;
				SWIFT_VERSION = 5.0;
				TARGETED_DEVICE_FAMILY = "1,2";
				TEST_HOST = "$(BUILT_PRODUCTS_DIR)/GitHubSearch.app/$(BUNDLE_EXECUTABLE_FOLDER_PATH)/GitHubSearch";
			};
			name = Release;
		};
/* End XCBuildConfiguration section */

/* Begin XCConfigurationList section */
		9FB118122F2F10ED00BE6CDE /* Build configuration list for PBXProject "GitHubSearch" */ = {
			isa = XCConfigurationList;
			buildConfigurations = (
				9FB1182D2F2F10EE00BE6CDE /* Debug */,
				9FB1182E2F2F10EE00BE6CDE /* Release */,
			);
			defaultConfigurationIsVisible = 0;
			defaultConfigurationName = Release;
		};
		9FB1182A2F2F10EE00BE6CDE /* Build configuration list for PBXNativeTarget "GitHubSearch" */ = {
			isa = XCConfigurationList;
			buildConfigurations = (
				9FB1182B2F2F10EE00BE6CDE /* Debug */,
				9FB1182C2F2F10EE00BE6CDE /* Release */,
			);
			defaultConfigurationIsVisible = 0;
			defaultConfigurationName = Release;
		};
		9FB118A72F2F250000BE6CDE /* Build configuration list for PBXNativeTarget "GitHubSearchTests" */ = {
			isa = XCConfigurationList;
			buildConfigurations = (
				9FB118A82F2F250000BE6CDE /* Debug */,
				9FB118A92F2F250000BE6CDE /* Release */,
			);
			defaultConfigurationIsVisible = 0;
			defaultConfigurationName = Release;
		};
/* End XCConfigurationList section */

/* Begin XCRemoteSwiftPackageReference section */
		9FB118502F2F200000BE6CDE /* XCRemoteSwiftPackageReference "SnapKit" */ = {
			isa = XCRemoteSwiftPackageReference;
			repositoryURL = "https://github.com/SnapKit/SnapKit";
			requirement = {
				kind = upToNextMajorVersion;
				minimumVersion = 5.0.0;
			};
		};
/* End XCRemoteSwiftPackageReference section */

/* Begin XCSwiftPackageProductDependency section */
		9FB118512F2F200100BE6CDE /* SnapKit */ = {
			isa = XCSwiftPackageProductDependency;
			package = 9FB118502F2F200000BE6CDE /* XCRemoteSwiftPackageReference "SnapKit" */;
			productName = SnapKit;
		};
/* End XCSwiftPackageProductDependency section */
	};
	rootObject = 9FB1180F2F2F10ED00BE6CDE /* Project object */;
}
